
Microsoft Visual Studio Solution File, Format Version 12.00
# Visual Studio Version 17
VisualStudioVersion = 17.9.34728.123
MinimumVisualStudioVersion = 10.0.40219.1
Project("{FAE04EC0-301F-11D3-BF4B-00C04F79EFBC}") = "WaielAblahad1", "WaielAblahad1.csproj", "{FA8C70F9-B8A6-4E05-B301-57E24ED3DF1A}"
EndProject
Global
	GlobalSection(SolutionConfigurationPlatforms) = preSolution
		Debug|Any CPU = Debug|Any CPU
		Release|Any CPU = Release|Any CPU
	EndGlobalSection
	GlobalSection(ProjectConfigurationPlatforms) = postSolution
		{FA8C70F9-B8A6-4E05-B301-57E24ED3DF1A}.Debug|Any CPU.ActiveCfg = Debug|Any CPU
		{FA8C70F9-B8A6-4E05-B301-57E24ED3DF1A}.Debug|Any CPU.Build.0 = Debug|Any CPU
		{FA8C70F9-B8A6-4E05-B301-57E24ED3DF1A}.Release|Any CPU.ActiveCfg = Release|Any CPU
		{FA8C70F9-B8A6-4E05-B301-57E24ED3DF1A}.Release|Any CPU.Build.0 = Release|Any CPU
	EndGlobalSection
	GlobalSection(SolutionProperties) = preSolution
		HideSolutionNode = FALSE
	EndGlobalSection
	GlobalSection(ExtensibilityGlobals) = postSolution
		SolutionGuid = {A57BC0E0-96D1-4EE1-8603-B55B8E51E4B1}
	EndGlobalSection
EndGlobal
